// !$*UTF8*$!
{
	archiveVersion = 1;
	classes = {
	};
	objectVersion = 56;
	objects = {

/* Begin PBXBuildFile section */
		930FD0A72BCB808100801EA6 /* FirebaseAnalytics in Frameworks */ = {isa = PBXBuildFile; productRef = 930FD0A62BCB808100801EA6 /* FirebaseAnalytics */; };
		930FD0A92BCB808100801EA6 /* FirebaseAnalyticsSwift in Frameworks */ = {isa = PBXBuildFile; productRef = 930FD0A82BCB808100801EA6 /* FirebaseAnalyticsSwift */; };
		930FD0AB2BCB808100801EA6 /* FirebaseAppCheck in Frameworks */ = {isa = PBXBuildFile; productRef = 930FD0AA2BCB808100801EA6 /* FirebaseAppCheck */; };
		930FD0AD2BCB808100801EA6 /* FirebaseAuth in Frameworks */ = {isa = PBXBuildFile; productRef = 930FD0AC2BCB808100801EA6 /* FirebaseAuth */; };
		930FD0AF2BCB808100801EA6 /* FirebaseDatabase in Frameworks */ = {isa = PBXBuildFile; productRef = 930FD0AE2BCB808100801EA6 /* FirebaseDatabase */; };
		930FD0B12BCB808100801EA6 /* FirebaseDatabaseSwift in Frameworks */ = {isa = PBXBuildFile; productRef = 930FD0B02BCB808100801EA6 /* FirebaseDatabaseSwift */; };
		930FD0B32BCB808100801EA6 /* FirebaseFirestore in Frameworks */ = {isa = PBXBuildFile; productRef = 930FD0B22BCB808100801EA6 /* FirebaseFirestore */; };
		930FD0B52BCB808100801EA6 /* FirebaseFirestoreSwift in Frameworks */ = {isa = PBXBuildFile; productRef = 930FD0B42BCB808100801EA6 /* FirebaseFirestoreSwift */; };
		930FD0B72BCB808100801EA6 /* FirebaseStorage in Frameworks */ = {isa = PBXBuildFile; productRef = 930FD0B62BCB808100801EA6 /* FirebaseStorage */; };
		930FD0BA2BCE033800801EA6 /* WorkoutView.swift in Sources */ = {isa = PBXBuildFile; fileRef = 930FD0B92BCE033800801EA6 /* WorkoutView.swift */; };
		930FD0BD2BCE036F00801EA6 /* Workouts.swift in Sources */ = {isa = PBXBuildFile; fileRef = 930FD0BC2BCE036F00801EA6 /* Workouts.swift */; };
		930FD0BF2BCE042E00801EA6 /* WorkoutsViewModel.swift in Sources */ = {isa = PBXBuildFile; fileRef = 930FD0BE2BCE042E00801EA6 /* WorkoutsViewModel.swift */; };
		930FD0C12BD0615D00801EA6 /* AdminAccSetting.swift in Sources */ = {isa = PBXBuildFile; fileRef = 930FD0C02BD0615D00801EA6 /* AdminAccSetting.swift */; };
		934708B52BAA60F500FE013A /* UserAccSetting.swift in Sources */ = {isa = PBXBuildFile; fileRef = 934708B42BAA60F500FE013A /* UserAccSetting.swift */; };
		935FC5482B7C239D00E0C025 /* Daily_DoseApp.swift in Sources */ = {isa = PBXBuildFile; fileRef = 935FC5472B7C239D00E0C025 /* Daily_DoseApp.swift */; };
		935FC54C2B7C239D00E0C025 /* Item.swift in Sources */ = {isa = PBXBuildFile; fileRef = 935FC54B2B7C239D00E0C025 /* Item.swift */; };
		935FC54E2B7C239F00E0C025 /* Assets.xcassets in Resources */ = {isa = PBXBuildFile; fileRef = 935FC54D2B7C239F00E0C025 /* Assets.xcassets */; };
		935FC5512B7C239F00E0C025 /* Preview Assets.xcassets in Resources */ = {isa = PBXBuildFile; fileRef = 935FC5502B7C239F00E0C025 /* Preview Assets.xcassets */; };
		936D15252BC610F0004DFB29 /* BulkMealsView.swift in Sources */ = {isa = PBXBuildFile; fileRef = 936D15242BC610F0004DFB29 /* BulkMealsView.swift */; };
		936D15272BC61327004DFB29 /* CutMealsView.swift in Sources */ = {isa = PBXBuildFile; fileRef = 936D15262BC61327004DFB29 /* CutMealsView.swift */; };
		936D15292BC62F9A004DFB29 /* MealsViewModel.swift in Sources */ = {isa = PBXBuildFile; fileRef = 936D15282BC62F9A004DFB29 /* MealsViewModel.swift */; };
		936D152C2BC630F2004DFB29 /* Meals.swift in Sources */ = {isa = PBXBuildFile; fileRef = 936D152B2BC630F2004DFB29 /* Meals.swift */; };
		936D15312BCB7E77004DFB29 /* GoogleService-Info.plist in Resources */ = {isa = PBXBuildFile; fileRef = 936D15302BCB7E77004DFB29 /* GoogleService-Info.plist */; };
		93DE2A1F2B7DD238006BEFAB /* User.swift in Sources */ = {isa = PBXBuildFile; fileRef = 93DE2A1E2B7DD238006BEFAB /* User.swift */; };
		93FCA8C02B7F16D20058D010 /* LogInView.swift in Sources */ = {isa = PBXBuildFile; fileRef = 93FCA8BF2B7F16D10058D010 /* LogInView.swift */; };
		93FCA8C32B8C15F10058D010 /* CreateAccount.swift in Sources */ = {isa = PBXBuildFile; fileRef = 93FCA8C22B8C15F10058D010 /* CreateAccount.swift */; };
		93FCA8CF2B8C3A9E0058D010 /* InputView.swift in Sources */ = {isa = PBXBuildFile; fileRef = 93FCA8CE2B8C3A9E0058D010 /* InputView.swift */; };
		93FCA8D22B8C4B2D0058D010 /* MainScreen.swift in Sources */ = {isa = PBXBuildFile; fileRef = 93FCA8D12B8C4B2D0058D010 /* MainScreen.swift */; };
		93FCA8D52B8ED86E0058D010 /* AuthView.swift in Sources */ = {isa = PBXBuildFile; fileRef = 93FCA8D42B8ED86E0058D010 /* AuthView.swift */; };
		93FCA90E2B96966B0058D010 /* ContentView.swift in Sources */ = {isa = PBXBuildFile; fileRef = 93FCA90D2B96966A0058D010 /* ContentView.swift */; };
/* End PBXBuildFile section */

/* Begin PBXFileReference section */
		930FD0B92BCE033800801EA6 /* WorkoutView.swift */ = {isa = PBXFileReference; lastKnownFileType = sourcecode.swift; path = WorkoutView.swift; sourceTree = "<group>"; };
		930FD0BC2BCE036F00801EA6 /* Workouts.swift */ = {isa = PBXFileReference; lastKnownFileType = sourcecode.swift; path = Workouts.swift; sourceTree = "<group>"; };
		930FD0BE2BCE042E00801EA6 /* WorkoutsViewModel.swift */ = {isa = PBXFileReference; lastKnownFileType = sourcecode.swift; path = WorkoutsViewModel.swift; sourceTree = "<group>"; };
		930FD0C02BD0615D00801EA6 /* AdminAccSetting.swift */ = {isa = PBXFileReference; lastKnownFileType = sourcecode.swift; name = AdminAccSetting.swift; path = "Daily Dose/Views/App Screen/Acc Settings/AdminAccSetting.swift"; sourceTree = SOURCE_ROOT; };
		934708B42BAA60F500FE013A /* UserAccSetting.swift */ = {isa = PBXFileReference; lastKnownFileType = sourcecode.swift; path = UserAccSetting.swift; sourceTree = "<group>"; };
		935FC5442B7C239D00E0C025 /* Daily Dose.app */ = {isa = PBXFileReference; explicitFileType = wrapper.application; includeInIndex = 0; path = "Daily Dose.app"; sourceTree = BUILT_PRODUCTS_DIR; };
		935FC5472B7C239D00E0C025 /* Daily_DoseApp.swift */ = {isa = PBXFileReference; lastKnownFileType = sourcecode.swift; name = Daily_DoseApp.swift; path = "Daily Dose/App/Daily_DoseApp.swift"; sourceTree = SOURCE_ROOT; };
		935FC54B2B7C239D00E0C025 /* Item.swift */ = {isa = PBXFileReference; lastKnownFileType = sourcecode.swift; path = Item.swift; sourceTree = "<group>"; };
		935FC54D2B7C239F00E0C025 /* Assets.xcassets */ = {isa = PBXFileReference; lastKnownFileType = folder.assetcatalog; path = Assets.xcassets; sourceTree = "<group>"; };
		935FC5502B7C239F00E0C025 /* Preview Assets.xcassets */ = {isa = PBXFileReference; lastKnownFileType = folder.assetcatalog; path = "Preview Assets.xcassets"; sourceTree = "<group>"; };
		936D15242BC610F0004DFB29 /* BulkMealsView.swift */ = {isa = PBXFileReference; lastKnownFileType = sourcecode.swift; path = BulkMealsView.swift; sourceTree = "<group>"; };
		936D15262BC61327004DFB29 /* CutMealsView.swift */ = {isa = PBXFileReference; lastKnownFileType = sourcecode.swift; path = CutMealsView.swift; sourceTree = "<group>"; };
		936D15282BC62F9A004DFB29 /* MealsViewModel.swift */ = {isa = PBXFileReference; lastKnownFileType = sourcecode.swift; path = MealsViewModel.swift; sourceTree = "<group>"; };
		936D152B2BC630F2004DFB29 /* Meals.swift */ = {isa = PBXFileReference; fileEncoding = 4; lastKnownFileType = sourcecode.swift; path = Meals.swift; sourceTree = "<group>"; };
		936D15302BCB7E77004DFB29 /* GoogleService-Info.plist */ = {isa = PBXFileReference; fileEncoding = 4; lastKnownFileType = text.plist.xml; path = "GoogleService-Info.plist"; sourceTree = "<group>"; };
		93DE2A1E2B7DD238006BEFAB /* User.swift */ = {isa = PBXFileReference; fileEncoding = 4; lastKnownFileType = sourcecode.swift; name = User.swift; path = "Daily Dose/AuthViewModel/User.swift"; sourceTree = SOURCE_ROOT; };
		93FCA8BF2B7F16D10058D010 /* LogInView.swift */ = {isa = PBXFileReference; fileEncoding = 4; lastKnownFileType = sourcecode.swift; path = LogInView.swift; sourceTree = "<group>"; };
		93FCA8C22B8C15F10058D010 /* CreateAccount.swift */ = {isa = PBXFileReference; lastKnownFileType = sourcecode.swift; path = CreateAccount.swift; sourceTree = "<group>"; };
		93FCA8CE2B8C3A9E0058D010 /* InputView.swift */ = {isa = PBXFileReference; lastKnownFileType = sourcecode.swift; path = InputView.swift; sourceTree = "<group>"; };
		93FCA8D12B8C4B2D0058D010 /* MainScreen.swift */ = {isa = PBXFileReference; lastKnownFileType = sourcecode.swift; path = MainScreen.swift; sourceTree = "<group>"; };
		93FCA8D42B8ED86E0058D010 /* AuthView.swift */ = {isa = PBXFileReference; lastKnownFileType = sourcecode.swift; path = AuthView.swift; sourceTree = "<group>"; xcLanguageSpecificationIdentifier = xcode.lang.swift; };
		93FCA90D2B96966A0058D010 /* ContentView.swift */ = {isa = PBXFileReference; lastKnownFileType = sourcecode.swift; path = ContentView.swift; sourceTree = "<group>"; };
/* End PBXFileReference section */

/* Begin PBXFrameworksBuildPhase section */
		935FC5412B7C239D00E0C025 /* Frameworks */ = {
			isa = PBXFrameworksBuildPhase;
			buildActionMask = 2147483647;
			files = (
				930FD0B12BCB808100801EA6 /* FirebaseDatabaseSwift in Frameworks */,
				930FD0AF2BCB808100801EA6 /* FirebaseDatabase in Frameworks */,
				930FD0B72BCB808100801EA6 /* FirebaseStorage in Frameworks */,
				930FD0A92BCB808100801EA6 /* FirebaseAnalyticsSwift in Frameworks */,
				930FD0AB2BCB808100801EA6 /* FirebaseAppCheck in Frameworks */,
				930FD0A72BCB808100801EA6 /* FirebaseAnalytics in Frameworks */,
				930FD0AD2BCB808100801EA6 /* FirebaseAuth in Frameworks */,
				930FD0B32BCB808100801EA6 /* FirebaseFirestore in Frameworks */,
				930FD0B52BCB808100801EA6 /* FirebaseFirestoreSwift in Frameworks */,
			);
			runOnlyForDeploymentPostprocessing = 0;
		};
/* End PBXFrameworksBuildPhase section */

/* Begin PBXGroup section */
		930FD0B82BCE031E00801EA6 /* Workout Screen */ = {
			isa = PBXGroup;
			children = (
				930FD0B92BCE033800801EA6 /* WorkoutView.swift */,
			);
			path = "Workout Screen";
			sourceTree = "<group>";
		};
		930FD0BB2BCE036000801EA6 /* Workouts */ = {
			isa = PBXGroup;
			children = (
				930FD0BC2BCE036F00801EA6 /* Workouts.swift */,
				930FD0BE2BCE042E00801EA6 /* WorkoutsViewModel.swift */,
			);
			path = Workouts;
			sourceTree = "<group>";
		};
		930FD0C52BD7E76300801EA6 /* Acc Settings */ = {
			isa = PBXGroup;
			children = (
				930FD0C02BD0615D00801EA6 /* AdminAccSetting.swift */,
				934708B42BAA60F500FE013A /* UserAccSetting.swift */,
			);
			path = "Acc Settings";
			sourceTree = "<group>";
		};
		93565E7F2BB34D0F0086D558 /* App Screen */ = {
			isa = PBXGroup;
			children = (
				93FCA8D12B8C4B2D0058D010 /* MainScreen.swift */,
				930FD0C52BD7E76300801EA6 /* Acc Settings */,
				936D15232BC610D7004DFB29 /* Meal Screens */,
				930FD0B82BCE031E00801EA6 /* Workout Screen */,
			);
			path = "App Screen";
			sourceTree = "<group>";
		};
		935FC53B2B7C239C00E0C025 = {
			isa = PBXGroup;
			children = (
				935FC5462B7C239D00E0C025 /* Daily Dose */,
				935FC5452B7C239D00E0C025 /* Products */,
			);
			sourceTree = "<group>";
		};
		935FC5452B7C239D00E0C025 /* Products */ = {
			isa = PBXGroup;
			children = (
				935FC5442B7C239D00E0C025 /* Daily Dose.app */,
			);
			name = Products;
			sourceTree = "<group>";
		};
		935FC5462B7C239D00E0C025 /* Daily Dose */ = {
			isa = PBXGroup;
			children = (
				93FCA8C92B8C37620058D010 /* App */,
				93FCA8C42B8C16740058D010 /* Views */,
				93FCA8C12B869E5A0058D010 /* Logic */,
				935FC54D2B7C239F00E0C025 /* Assets.xcassets */,
				936D15302BCB7E77004DFB29 /* GoogleService-Info.plist */,
				935FC54F2B7C239F00E0C025 /* Preview Content */,
			);
			path = "Daily Dose";
			sourceTree = "<group>";
		};
		935FC54F2B7C239F00E0C025 /* Preview Content */ = {
			isa = PBXGroup;
			children = (
				935FC5502B7C239F00E0C025 /* Preview Assets.xcassets */,
			);
			path = "Preview Content";
			sourceTree = "<group>";
		};
		936D15202BC5A148004DFB29 /* Meals */ = {
			isa = PBXGroup;
			children = (
				936D152B2BC630F2004DFB29 /* Meals.swift */,
				936D15282BC62F9A004DFB29 /* MealsViewModel.swift */,
			);
			path = Meals;
			sourceTree = "<group>";
		};
		936D15232BC610D7004DFB29 /* Meal Screens */ = {
			isa = PBXGroup;
			children = (
				936D15242BC610F0004DFB29 /* BulkMealsView.swift */,
				936D15262BC61327004DFB29 /* CutMealsView.swift */,
			);
			path = "Meal Screens";
			sourceTree = "<group>";
		};
		93FCA8C12B869E5A0058D010 /* Logic */ = {
			isa = PBXGroup;
			children = (
				930FD0BB2BCE036000801EA6 /* Workouts */,
				936D15202BC5A148004DFB29 /* Meals */,
				93FCA8D32B8ED8580058D010 /* AuthViewModel */,
			);
			name = Logic;
			sourceTree = "<group>";
		};
		93FCA8C42B8C16740058D010 /* Views */ = {
			isa = PBXGroup;
			children = (
				93565E7F2BB34D0F0086D558 /* App Screen */,
				93FCA8CD2B8C3A940058D010 /* ShortCuts */,
				93FCA8CA2B8C379E0058D010 /* Authentication */,
			);
			path = Views;
			sourceTree = "<group>";
		};
		93FCA8C92B8C37620058D010 /* App */ = {
			isa = PBXGroup;
			children = (
				935FC5472B7C239D00E0C025 /* Daily_DoseApp.swift */,
				935FC54B2B7C239D00E0C025 /* Item.swift */,
			);
			path = App;
			sourceTree = "<group>";
		};
		93FCA8CA2B8C379E0058D010 /* Authentication */ = {
			isa = PBXGroup;
			children = (
				93FCA8BF2B7F16D10058D010 /* LogInView.swift */,
				93FCA8C22B8C15F10058D010 /* CreateAccount.swift */,
				93FCA90D2B96966A0058D010 /* ContentView.swift */,
			);
			path = Authentication;
			sourceTree = "<group>";
		};
		93FCA8CD2B8C3A940058D010 /* ShortCuts */ = {
			isa = PBXGroup;
			children = (
				93FCA8CE2B8C3A9E0058D010 /* InputView.swift */,
			);
			path = ShortCuts;
			sourceTree = "<group>";
		};
		93FCA8D32B8ED8580058D010 /* AuthViewModel */ = {
			isa = PBXGroup;
			children = (
				93DE2A1E2B7DD238006BEFAB /* User.swift */,
				93FCA8D42B8ED86E0058D010 /* AuthView.swift */,
			);
			path = AuthViewModel;
			sourceTree = "<group>";
		};
/* End PBXGroup section */

/* Begin PBXNativeTarget section */
		935FC5432B7C239D00E0C025 /* Daily Dose */ = {
			isa = PBXNativeTarget;
			buildConfigurationList = 935FC5542B7C239F00E0C025 /* Build configuration list for PBXNativeTarget "Daily Dose" */;
			buildPhases = (
				935FC5402B7C239D00E0C025 /* Sources */,
				935FC5412B7C239D00E0C025 /* Frameworks */,
				935FC5422B7C239D00E0C025 /* Resources */,
			);
			buildRules = (
			);
			dependencies = (
			);
			name = "Daily Dose";
			packageProductDependencies = (
				930FD0A62BCB808100801EA6 /* FirebaseAnalytics */,
				930FD0A82BCB808100801EA6 /* FirebaseAnalyticsSwift */,
				930FD0AA2BCB808100801EA6 /* FirebaseAppCheck */,
				930FD0AC2BCB808100801EA6 /* FirebaseAuth */,
				930FD0AE2BCB808100801EA6 /* FirebaseDatabase */,
				930FD0B02BCB808100801EA6 /* FirebaseDatabaseSwift */,
				930FD0B22BCB808100801EA6 /* FirebaseFirestore */,
				930FD0B42BCB808100801EA6 /* FirebaseFirestoreSwift */,
				930FD0B62BCB808100801EA6 /* FirebaseStorage */,
			);
			productName = "Daily Dose";
			productReference = 935FC5442B7C239D00E0C025 /* Daily Dose.app */;
			productType = "com.apple.product-type.application";
		};
/* End PBXNativeTarget section */

/* Begin PBXProject section */
		935FC53C2B7C239C00E0C025 /* Project object */ = {
			isa = PBXProject;
			attributes = {
				BuildIndependentTargetsInParallel = 1;
				LastSwiftUpdateCheck = 1520;
				LastUpgradeCheck = 1520;
				TargetAttributes = {
					935FC5432B7C239D00E0C025 = {
						CreatedOnToolsVersion = 15.2;
					};
				};
			};
			buildConfigurationList = 935FC53F2B7C239C00E0C025 /* Build configuration list for PBXProject "Daily Dose" */;
			compatibilityVersion = "Xcode 14.0";
			developmentRegion = en;
			hasScannedForEncodings = 0;
			knownRegions = (
				en,
				Base,
			);
			mainGroup = 935FC53B2B7C239C00E0C025;
			packageReferences = (
				936D15322BCB7F8C004DFB29 /* XCRemoteSwiftPackageReference "firebase-ios-sdk" */,
			);
			productRefGroup = 935FC5452B7C239D00E0C025 /* Products */;
			projectDirPath = "";
			projectRoot = "";
			targets = (
				935FC5432B7C239D00E0C025 /* Daily Dose */,
			);
		};
/* End PBXProject section */

/* Begin PBXResourcesBuildPhase section */
		935FC5422B7C239D00E0C025 /* Resources */ = {
			isa = PBXResourcesBuildPhase;
			buildActionMask = 2147483647;
			files = (
				935FC5512B7C239F00E0C025 /* Preview Assets.xcassets in Resources */,
				936D15312BCB7E77004DFB29 /* GoogleService-Info.plist in Resources */,
				935FC54E2B7C239F00E0C025 /* Assets.xcassets in Resources */,
			);
			runOnlyForDeploymentPostprocessing = 0;
		};
/* End PBXResourcesBuildPhase section */

/* Begin PBXSourcesBuildPhase section */
		935FC5402B7C239D00E0C025 /* Sources */ = {
			isa = PBXSourcesBuildPhase;
			buildActionMask = 2147483647;
			files = (
				93FCA8D22B8C4B2D0058D010 /* MainScreen.swift in Sources */,
				93DE2A1F2B7DD238006BEFAB /* User.swift in Sources */,
				930FD0BF2BCE042E00801EA6 /* WorkoutsViewModel.swift in Sources */,
				930FD0BA2BCE033800801EA6 /* WorkoutView.swift in Sources */,
				93FCA8CF2B8C3A9E0058D010 /* InputView.swift in Sources */,
				934708B52BAA60F500FE013A /* UserAccSetting.swift in Sources */,
				935FC54C2B7C239D00E0C025 /* Item.swift in Sources */,
				93FCA8C32B8C15F10058D010 /* CreateAccount.swift in Sources */,
				93FCA8C02B7F16D20058D010 /* LogInView.swift in Sources */,
				93FCA90E2B96966B0058D010 /* ContentView.swift in Sources */,
				930FD0C12BD0615D00801EA6 /* AdminAccSetting.swift in Sources */,
				936D15292BC62F9A004DFB29 /* MealsViewModel.swift in Sources */,
				936D152C2BC630F2004DFB29 /* Meals.swift in Sources */,
				930FD0BD2BCE036F00801EA6 /* Workouts.swift in Sources */,
				935FC5482B7C239D00E0C025 /* Daily_DoseApp.swift in Sources */,
				936D15272BC61327004DFB29 /* CutMealsView.swift in Sources */,
				93FCA8D52B8ED86E0058D010 /* AuthView.swift in Sources */,
				936D15252BC610F0004DFB29 /* BulkMealsView.swift in Sources */,
			);
			runOnlyForDeploymentPostprocessing = 0;
		};
/* End PBXSourcesBuildPhase section */

/* Begin XCBuildConfiguration section */
		935FC5522B7C239F00E0C025 /* Debug */ = {
			isa = XCBuildConfiguration;
			buildSettings = {
				ALWAYS_SEARCH_USER_PATHS = NO;
				ASSETCATALOG_COMPILER_GENERATE_SWIFT_ASSET_SYMBOL_EXTENSIONS = YES;
				CLANG_ANALYZER_NONNULL = YES;
				CLANG_ANALYZER_NUMBER_OBJECT_CONVERSION = YES_AGGRESSIVE;
				CLANG_CXX_LANGUAGE_STANDARD = "gnu++20";
				CLANG_ENABLE_MODULES = YES;
				CLANG_ENABLE_OBJC_ARC = YES;
				CLANG_ENABLE_OBJC_WEAK = YES;
				CLANG_WARN_BLOCK_CAPTURE_AUTORELEASING = YES;
				CLANG_WARN_BOOL_CONVERSION = YES;
				CLANG_WARN_COMMA = YES;
				CLANG_WARN_CONSTANT_CONVERSION = YES;
				CLANG_WARN_DEPRECATED_OBJC_IMPLEMENTATIONS = YES;
				CLANG_WARN_DIRECT_OBJC_ISA_USAGE = YES_ERROR;
				CLANG_WARN_DOCUMENTATION_COMMENTS = YES;
				CLANG_WARN_EMPTY_BODY = YES;
				CLANG_WARN_ENUM_CONVERSION = YES;
				CLANG_WARN_INFINITE_RECURSION = YES;
				CLANG_WARN_INT_CONVERSION = YES;
				CLANG_WARN_NON_LITERAL_NULL_CONVERSION = YES;
				CLANG_WARN_OBJC_IMPLICIT_RETAIN_SELF = YES;
				CLANG_WARN_OBJC_LITERAL_CONVERSION = YES;
				CLANG_WARN_OBJC_ROOT_CLASS = YES_ERROR;
				CLANG_WARN_QUOTED_INCLUDE_IN_FRAMEWORK_HEADER = YES;
				CLANG_WARN_RANGE_LOOP_ANALYSIS = YES;
				CLANG_WARN_STRICT_PROTOTYPES = YES;
				CLANG_WARN_SUSPICIOUS_MOVE = YES;
				CLANG_WARN_UNGUARDED_AVAILABILITY = YES_AGGRESSIVE;
				CLANG_WARN_UNREACHABLE_CODE = YES;
				CLANG_WARN__DUPLICATE_METHOD_MATCH = YES;
				COPY_PHASE_STRIP = NO;
				DEBUG_INFORMATION_FORMAT = dwarf;
				ENABLE_STRICT_OBJC_MSGSEND = YES;
				ENABLE_TESTABILITY = YES;
				ENABLE_USER_SCRIPT_SANDBOXING = YES;
				GCC_C_LANGUAGE_STANDARD = gnu17;
				GCC_DYNAMIC_NO_PIC = NO;
				GCC_NO_COMMON_BLOCKS = YES;
				GCC_OPTIMIZATION_LEVEL = 0;
				GCC_PREPROCESSOR_DEFINITIONS = (
					"DEBUG=1",
					"$(inherited)",
				);
				GCC_WARN_64_TO_32_BIT_CONVERSION = YES;
				GCC_WARN_ABOUT_RETURN_TYPE = YES_ERROR;
				GCC_WARN_UNDECLARED_SELECTOR = YES;
				GCC_WARN_UNINITIALIZED_AUTOS = YES_AGGRESSIVE;
				GCC_WARN_UNUSED_FUNCTION = YES;
				GCC_WARN_UNUSED_VARIABLE = YES;
				IPHONEOS_DEPLOYMENT_TARGET = 17.4;
				LOCALIZATION_PREFERS_STRING_CATALOGS = YES;
				MTL_ENABLE_DEBUG_INFO = INCLUDE_SOURCE;
				MTL_FAST_MATH = YES;
				ONLY_ACTIVE_ARCH = YES;
				SDKROOT = iphoneos;
				SWIFT_ACTIVE_COMPILATION_CONDITIONS = "DEBUG $(inherited)";
				SWIFT_OPTIMIZATION_LEVEL = "-Onone";
			};
			name = Debug;
		};
		935FC5532B7C239F00E0C025 /* Release */ = {
			isa = XCBuildConfiguration;
			buildSettings = {
				ALWAYS_SEARCH_USER_PATHS = NO;
				ASSETCATALOG_COMPILER_GENERATE_SWIFT_ASSET_SYMBOL_EXTENSIONS = YES;
				CLANG_ANALYZER_NONNULL = YES;
				CLANG_ANALYZER_NUMBER_OBJECT_CONVERSION = YES_AGGRESSIVE;
				CLANG_CXX_LANGUAGE_STANDARD = "gnu++20";
				CLANG_ENABLE_MODULES = YES;
				CLANG_ENABLE_OBJC_ARC = YES;
				CLANG_ENABLE_OBJC_WEAK = YES;
				CLANG_WARN_BLOCK_CAPTURE_AUTORELEASING = YES;
				CLANG_WARN_BOOL_CONVERSION = YES;
				CLANG_WARN_COMMA = YES;
				CLANG_WARN_CONSTANT_CONVERSION = YES;
				CLANG_WARN_DEPRECATED_OBJC_IMPLEMENTATIONS = YES;
				CLANG_WARN_DIRECT_OBJC_ISA_USAGE = YES_ERROR;
				CLANG_WARN_DOCUMENTATION_COMMENTS = YES;
				CLANG_WARN_EMPTY_BODY = YES;
				CLANG_WARN_ENUM_CONVERSION = YES;
				CLANG_WARN_INFINITE_RECURSION = YES;
				CLANG_WARN_INT_CONVERSION = YES;
				CLANG_WARN_NON_LITERAL_NULL_CONVERSION = YES;
				CLANG_WARN_OBJC_IMPLICIT_RETAIN_SELF = YES;
				CLANG_WARN_OBJC_LITERAL_CONVERSION = YES;
				CLANG_WARN_OBJC_ROOT_CLASS = YES_ERROR;
				CLANG_WARN_QUOTED_INCLUDE_IN_FRAMEWORK_HEADER = YES;
				CLANG_WARN_RANGE_LOOP_ANALYSIS = YES;
				CLANG_WARN_STRICT_PROTOTYPES = YES;
				CLANG_WARN_SUSPICIOUS_MOVE = YES;
				CLANG_WARN_UNGUARDED_AVAILABILITY = YES_AGGRESSIVE;
				CLANG_WARN_UNREACHABLE_CODE = YES;
				CLANG_WARN__DUPLICATE_METHOD_MATCH = YES;
				COPY_PHASE_STRIP = NO;
				DEBUG_INFORMATION_FORMAT = "dwarf-with-dsym";
				ENABLE_NS_ASSERTIONS = NO;
				ENABLE_STRICT_OBJC_MSGSEND = YES;
				ENABLE_USER_SCRIPT_SANDBOXING = YES;
				GCC_C_LANGUAGE_STANDARD = gnu17;
				GCC_NO_COMMON_BLOCKS = YES;
				GCC_WARN_64_TO_32_BIT_CONVERSION = YES;
				GCC_WARN_ABOUT_RETURN_TYPE = YES_ERROR;
				GCC_WARN_UNDECLARED_SELECTOR = YES;
				GCC_WARN_UNINITIALIZED_AUTOS = YES_AGGRESSIVE;
				GCC_WARN_UNUSED_FUNCTION = YES;
				GCC_WARN_UNUSED_VARIABLE = YES;
				IPHONEOS_DEPLOYMENT_TARGET = 17.4;
				LOCALIZATION_PREFERS_STRING_CATALOGS = YES;
				MTL_ENABLE_DEBUG_INFO = NO;
				MTL_FAST_MATH = YES;
				SDKROOT = iphoneos;
				SWIFT_COMPILATION_MODE = wholemodule;
				VALIDATE_PRODUCT = YES;
			};
			name = Release;
		};
		935FC5552B7C239F00E0C025 /* Debug */ = {
			isa = XCBuildConfiguration;
			buildSettings = {
				ASSETCATALOG_COMPILER_APPICON_NAME = AppIcon;
				ASSETCATALOG_COMPILER_GLOBAL_ACCENT_COLOR_NAME = AccentColor;
				CODE_SIGN_STYLE = Automatic;
				CURRENT_PROJECT_VERSION = 1;
				DEVELOPMENT_ASSET_PATHS = "\"Daily Dose/Preview Content\"";
				DEVELOPMENT_TEAM = 4TQZPW5DF5;
				ENABLE_PREVIEWS = YES;
				GENERATE_INFOPLIST_FILE = YES;
				INFOPLIST_KEY_UIApplicationSceneManifest_Generation = YES;
				INFOPLIST_KEY_UIApplicationSupportsIndirectInputEvents = YES;
				INFOPLIST_KEY_UILaunchScreen_Generation = YES;
				INFOPLIST_KEY_UISupportedInterfaceOrientations_iPad = "UIInterfaceOrientationPortrait UIInterfaceOrientationPortraitUpsideDown UIInterfaceOrientationLandscapeLeft UIInterfaceOrientationLandscapeRight";
				INFOPLIST_KEY_UISupportedInterfaceOrientations_iPhone = "UIInterfaceOrientationPortrait UIInterfaceOrientationLandscapeLeft UIInterfaceOrientationLandscapeRight";
				LD_RUNPATH_SEARCH_PATHS = (
					"$(inherited)",
					"@executable_path/Frameworks",
				);
				MARKETING_VERSION = 1.0;
				PRODUCT_BUNDLE_IDENTIFIER = com.yourcompany.dailyDose;
				PRODUCT_NAME = "$(TARGET_NAME)";
				SWIFT_EMIT_LOC_STRINGS = YES;
				SWIFT_VERSION = 5.0;
				TARGETED_DEVICE_FAMILY = "1,2";
			};
			name = Debug;
		};
		935FC5562B7C239F00E0C025 /* Release */ = {
			isa = XCBuildConfiguration;
			buildSettings = {
				ASSETCATALOG_COMPILER_APPICON_NAME = AppIcon;
				ASSETCATALOG_COMPILER_GLOBAL_ACCENT_COLOR_NAME = AccentColor;
				CODE_SIGN_STYLE = Automatic;
				CURRENT_PROJECT_VERSION = 1;
				DEVELOPMENT_ASSET_PATHS = "\"Daily Dose/Preview Content\"";
				DEVELOPMENT_TEAM = 4TQZPW5DF5;
				ENABLE_PREVIEWS = YES;
				GENERATE_INFOPLIST_FILE = YES;
				INFOPLIST_KEY_UIApplicationSceneManifest_Generation = YES;
				INFOPLIST_KEY_UIApplicationSupportsIndirectInputEvents = YES;
				INFOPLIST_KEY_UILaunchScreen_Generation = YES;
				INFOPLIST_KEY_UISupportedInterfaceOrientations_iPad = "UIInterfaceOrientationPortrait UIInterfaceOrientationPortraitUpsideDown UIInterfaceOrientationLandscapeLeft UIInterfaceOrientationLandscapeRight";
				INFOPLIST_KEY_UISupportedInterfaceOrientations_iPhone = "UIInterfaceOrientationPortrait UIInterfaceOrientationLandscapeLeft UIInterfaceOrientationLandscapeRight";
				LD_RUNPATH_SEARCH_PATHS = (
					"$(inherited)",
					"@executable_path/Frameworks",
				);
				MARKETING_VERSION = 1.0;
				PRODUCT_BUNDLE_IDENTIFIER = com.yourcompany.dailyDose;
				PRODUCT_NAME = "$(TARGET_NAME)";
				SWIFT_EMIT_LOC_STRINGS = YES;
				SWIFT_VERSION = 5.0;
				TARGETED_DEVICE_FAMILY = "1,2";
			};
			name = Release;
		};
/* End XCBuildConfiguration section */

/* Begin XCConfigurationList section */
		935FC53F2B7C239C00E0C025 /* Build configuration list for PBXProject "Daily Dose" */ = {
			isa = XCConfigurationList;
			buildConfigurations = (
				935FC5522B7C239F00E0C025 /* Debug */,
				935FC5532B7C239F00E0C025 /* Release */,
			);
			defaultConfigurationIsVisible = 0;
			defaultConfigurationName = Release;
		};
		935FC5542B7C239F00E0C025 /* Build configuration list for PBXNativeTarget "Daily Dose" */ = {
			isa = XCConfigurationList;
			buildConfigurations = (
				935FC5552B7C239F00E0C025 /* Debug */,
				935FC5562B7C239F00E0C025 /* Release */,
			);
			defaultConfigurationIsVisible = 0;
			defaultConfigurationName = Release;
		};
/* End XCConfigurationList section */

/* Begin XCRemoteSwiftPackageReference section */
		936D15322BCB7F8C004DFB29 /* XCRemoteSwiftPackageReference "firebase-ios-sdk" */ = {
			isa = XCRemoteSwiftPackageReference;
			repositoryURL = "https://github.com/firebase/firebase-ios-sdk";
			requirement = {
				kind = upToNextMajorVersion;
				minimumVersion = 10.24.0;
			};
		};
/* End XCRemoteSwiftPackageReference section */

/* Begin XCSwiftPackageProductDependency section */
		930FD0A62BCB808100801EA6 /* FirebaseAnalytics */ = {
			isa = XCSwiftPackageProductDependency;
			package = 936D15322BCB7F8C004DFB29 /* XCRemoteSwiftPackageReference "firebase-ios-sdk" */;
			productName = FirebaseAnalytics;
		};
		930FD0A82BCB808100801EA6 /* FirebaseAnalyticsSwift */ = {
			isa = XCSwiftPackageProductDependency;
			package = 936D15322BCB7F8C004DFB29 /* XCRemoteSwiftPackageReference "firebase-ios-sdk" */;
			productName = FirebaseAnalyticsSwift;
		};
		930FD0AA2BCB808100801EA6 /* FirebaseAppCheck */ = {
			isa = XCSwiftPackageProductDependency;
			package = 936D15322BCB7F8C004DFB29 /* XCRemoteSwiftPackageReference "firebase-ios-sdk" */;
			productName = FirebaseAppCheck;
		};
		930FD0AC2BCB808100801EA6 /* FirebaseAuth */ = {
			isa = XCSwiftPackageProductDependency;
			package = 936D15322BCB7F8C004DFB29 /* XCRemoteSwiftPackageReference "firebase-ios-sdk" */;
			productName = FirebaseAuth;
		};
		930FD0AE2BCB808100801EA6 /* FirebaseDatabase */ = {
			isa = XCSwiftPackageProductDependency;
			package = 936D15322BCB7F8C004DFB29 /* XCRemoteSwiftPackageReference "firebase-ios-sdk" */;
			productName = FirebaseDatabase;
		};
		930FD0B02BCB808100801EA6 /* FirebaseDatabaseSwift */ = {
			isa = XCSwiftPackageProductDependency;
			package = 936D15322BCB7F8C004DFB29 /* XCRemoteSwiftPackageReference "firebase-ios-sdk" */;
			productName = FirebaseDatabaseSwift;
		};
		930FD0B22BCB808100801EA6 /* FirebaseFirestore */ = {
			isa = XCSwiftPackageProductDependency;
			package = 936D15322BCB7F8C004DFB29 /* XCRemoteSwiftPackageReference "firebase-ios-sdk" */;
			productName = FirebaseFirestore;
		};
		930FD0B42BCB808100801EA6 /* FirebaseFirestoreSwift */ = {
			isa = XCSwiftPackageProductDependency;
			package = 936D15322BCB7F8C004DFB29 /* XCRemoteSwiftPackageReference "firebase-ios-sdk" */;
			productName = FirebaseFirestoreSwift;
		};
		930FD0B62BCB808100801EA6 /* FirebaseStorage */ = {
			isa = XCSwiftPackageProductDependency;
			package = 936D15322BCB7F8C004DFB29 /* XCRemoteSwiftPackageReference "firebase-ios-sdk" */;
			productName = FirebaseStorage;
		};
/* End XCSwiftPackageProductDependency section */
	};
	rootObject = 935FC53C2B7C239C00E0C025 /* Project object */;
}
